// !$*UTF8*$!
{
	archiveVersion = 1;
	classes = {
	};
	objectVersion = 56;
	objects = {

/* Begin PBXBuildFile section */
		044EAE0E2B3EF4220064F850 /* AppDelegate.swift in Sources */ = {isa = PBXBuildFile; fileRef = 044EAE0D2B3EF4220064F850 /* AppDelegate.swift */; };
		044EAE102B3EF4220064F850 /* SceneDelegate.swift in Sources */ = {isa = PBXBuildFile; fileRef = 044EAE0F2B3EF4220064F850 /* SceneDelegate.swift */; };
		044EAE122B3EF4220064F850 /* ViewController.swift in Sources */ = {isa = PBXBuildFile; fileRef = 044EAE112B3EF4220064F850 /* ViewController.swift */; };
		044EAE172B3EF4240064F850 /* Assets.xcassets in Resources */ = {isa = PBXBuildFile; fileRef = 044EAE162B3EF4240064F850 /* Assets.xcassets */; };
		044EAE1A2B3EF4240064F850 /* LaunchScreen.storyboard in Resources */ = {isa = PBXBuildFile; fileRef = 044EAE182B3EF4240064F850 /* LaunchScreen.storyboard */; };
		044EAE232B3EF5DF0064F850 /* UIConstructor.swift in Sources */ = {isa = PBXBuildFile; fileRef = 044EAE222B3EF5DF0064F850 /* UIConstructor.swift */; };
		044EAE252B3EF8DD0064F850 /* SecondViewController.swift in Sources */ = {isa = PBXBuildFile; fileRef = 044EAE242B3EF8DD0064F850 /* SecondViewController.swift */; };
		044EAE282B3F060C0064F850 /* InputsDeligateProtocol.swift in Sources */ = {isa = PBXBuildFile; fileRef = 044EAE272B3F060C0064F850 /* InputsDeligateProtocol.swift */; };
		FFE94BAB4A1CB475713529F5 /* Pods_TMS_IOS_LESSON_12_HW.framework in Frameworks */ = {isa = PBXBuildFile; fileRef = 4AD870ACB66E6927C1EC837A /* Pods_TMS_IOS_LESSON_12_HW.framework */; };
/* End PBXBuildFile section */

/* Begin PBXFileReference section */
		044EAE0A2B3EF4220064F850 /* TMS-IOS-LESSON-12-HW.app */ = {isa = PBXFileReference; explicitFileType = wrapper.application; includeInIndex = 0; path = "TMS-IOS-LESSON-12-HW.app"; sourceTree = BUILT_PRODUCTS_DIR; };
		044EAE0D2B3EF4220064F850 /* AppDelegate.swift */ = {isa = PBXFileReference; lastKnownFileType = sourcecode.swift; path = AppDelegate.swift; sourceTree = "<group>"; };
		044EAE0F2B3EF4220064F850 /* SceneDelegate.swift */ = {isa = PBXFileReference; lastKnownFileType = sourcecode.swift; path = SceneDelegate.swift; sourceTree = "<group>"; };
		044EAE112B3EF4220064F850 /* ViewController.swift */ = {isa = PBXFileReference; lastKnownFileType = sourcecode.swift; path = ViewController.swift; sourceTree = "<group>"; };
		044EAE162B3EF4240064F850 /* Assets.xcassets */ = {isa = PBXFileReference; lastKnownFileType = folder.assetcatalog; path = Assets.xcassets; sourceTree = "<group>"; };
		044EAE192B3EF4240064F850 /* Base */ = {isa = PBXFileReference; lastKnownFileType = file.storyboard; name = Base; path = Base.lproj/LaunchScreen.storyboard; sourceTree = "<group>"; };
		044EAE1B2B3EF4240064F850 /* Info.plist */ = {isa = PBXFileReference; lastKnownFileType = text.plist.xml; path = Info.plist; sourceTree = "<group>"; };
		044EAE222B3EF5DF0064F850 /* UIConstructor.swift */ = {isa = PBXFileReference; lastKnownFileType = sourcecode.swift; path = UIConstructor.swift; sourceTree = "<group>"; };
		044EAE242B3EF8DD0064F850 /* SecondViewController.swift */ = {isa = PBXFileReference; lastKnownFileType = sourcecode.swift; path = SecondViewController.swift; sourceTree = "<group>"; };
		044EAE272B3F060C0064F850 /* InputsDeligateProtocol.swift */ = {isa = PBXFileReference; lastKnownFileType = sourcecode.swift; path = InputsDeligateProtocol.swift; sourceTree = "<group>"; };
		4AD870ACB66E6927C1EC837A /* Pods_TMS_IOS_LESSON_12_HW.framework */ = {isa = PBXFileReference; explicitFileType = wrapper.framework; includeInIndex = 0; path = Pods_TMS_IOS_LESSON_12_HW.framework; sourceTree = BUILT_PRODUCTS_DIR; };
		684D4BC03E542F9E4439667A /* Pods-TMS-IOS-LESSON-12-HW.release.xcconfig */ = {isa = PBXFileReference; includeInIndex = 1; lastKnownFileType = text.xcconfig; name = "Pods-TMS-IOS-LESSON-12-HW.release.xcconfig"; path = "Target Support Files/Pods-TMS-IOS-LESSON-12-HW/Pods-TMS-IOS-LESSON-12-HW.release.xcconfig"; sourceTree = "<group>"; };
		ACE5A39118DABEEB0173064E /* Pods-TMS-IOS-LESSON-12-HW.debug.xcconfig */ = {isa = PBXFileReference; includeInIndex = 1; lastKnownFileType = text.xcconfig; name = "Pods-TMS-IOS-LESSON-12-HW.debug.xcconfig"; path = "Target Support Files/Pods-TMS-IOS-LESSON-12-HW/Pods-TMS-IOS-LESSON-12-HW.debug.xcconfig"; sourceTree = "<group>"; };
/* End PBXFileReference section */

/* Begin PBXFrameworksBuildPhase section */
		044EAE072B3EF4220064F850 /* Frameworks */ = {
			isa = PBXFrameworksBuildPhase;
			buildActionMask = 2147483647;
			files = (
				FFE94BAB4A1CB475713529F5 /* Pods_TMS_IOS_LESSON_12_HW.framework in Frameworks */,
			);
			runOnlyForDeploymentPostprocessing = 0;
		};
/* End PBXFrameworksBuildPhase section */

/* Begin PBXGroup section */
		044EAE012B3EF4220064F850 = {
			isa = PBXGroup;
			children = (
				044EAE0C2B3EF4220064F850 /* TMS-IOS-LESSON-12-HW */,
				044EAE0B2B3EF4220064F850 /* Products */,
				E2658C84B97F782291C10BBB /* Pods */,
				3CF901B49D8224FD4A403968 /* Frameworks */,
			);
			sourceTree = "<group>";
		};
		044EAE0B2B3EF4220064F850 /* Products */ = {
			isa = PBXGroup;
			children = (
				044EAE0A2B3EF4220064F850 /* TMS-IOS-LESSON-12-HW.app */,
			);
			name = Products;
			sourceTree = "<group>";
		};
		044EAE0C2B3EF4220064F850 /* TMS-IOS-LESSON-12-HW */ = {
			isa = PBXGroup;
			children = (
				044EAE262B3F05F20064F850 /* Protocols */,
				044EAE212B3EF5CD0064F850 /* Utils */,
				044EAE0D2B3EF4220064F850 /* AppDelegate.swift */,
				044EAE0F2B3EF4220064F850 /* SceneDelegate.swift */,
				044EAE112B3EF4220064F850 /* ViewController.swift */,
				044EAE242B3EF8DD0064F850 /* SecondViewController.swift */,
				044EAE162B3EF4240064F850 /* Assets.xcassets */,
				044EAE182B3EF4240064F850 /* LaunchScreen.storyboard */,
				044EAE1B2B3EF4240064F850 /* Info.plist */,
			);
			path = "TMS-IOS-LESSON-12-HW";
			sourceTree = "<group>";
		};
		044EAE212B3EF5CD0064F850 /* Utils */ = {
			isa = PBXGroup;
			children = (
				044EAE222B3EF5DF0064F850 /* UIConstructor.swift */,
			);
			path = Utils;
			sourceTree = "<group>";
		};
		044EAE262B3F05F20064F850 /* Protocols */ = {
			isa = PBXGroup;
			children = (
				044EAE272B3F060C0064F850 /* InputsDeligateProtocol.swift */,
			);
			path = Protocols;
			sourceTree = "<group>";
		};
		3CF901B49D8224FD4A403968 /* Frameworks */ = {
			isa = PBXGroup;
			children = (
				4AD870ACB66E6927C1EC837A /* Pods_TMS_IOS_LESSON_12_HW.framework */,
			);
			name = Frameworks;
			sourceTree = "<group>";
		};
		E2658C84B97F782291C10BBB /* Pods */ = {
			isa = PBXGroup;
			children = (
				ACE5A39118DABEEB0173064E /* Pods-TMS-IOS-LESSON-12-HW.debug.xcconfig */,
				684D4BC03E542F9E4439667A /* Pods-TMS-IOS-LESSON-12-HW.release.xcconfig */,
			);
			path = Pods;
			sourceTree = "<group>";
		};
/* End PBXGroup section */

/* Begin PBXNativeTarget section */
		044EAE092B3EF4220064F850 /* TMS-IOS-LESSON-12-HW */ = {
			isa = PBXNativeTarget;
			buildConfigurationList = 044EAE1E2B3EF4240064F850 /* Build configuration list for PBXNativeTarget "TMS-IOS-LESSON-12-HW" */;
			buildPhases = (
				95C9E73FD97D19E861692A82 /* [CP] Check Pods Manifest.lock */,
				044EAE062B3EF4220064F850 /* Sources */,
				044EAE072B3EF4220064F850 /* Frameworks */,
				044EAE082B3EF4220064F850 /* Resources */,
				528D9AC4828D656EE509B4F9 /* [CP] Embed Pods Frameworks */,
			);
			buildRules = (
			);
			dependencies = (
			);
			name = "TMS-IOS-LESSON-12-HW";
			productName = "TMS-IOS-LESSON-12-HW";
			productReference = 044EAE0A2B3EF4220064F850 /* TMS-IOS-LESSON-12-HW.app */;
			productType = "com.apple.product-type.application";
		};
/* End PBXNativeTarget section */

/* Begin PBXProject section */
		044EAE022B3EF4220064F850 /* Project object */ = {
			isa = PBXProject;
			attributes = {
				BuildIndependentTargetsInParallel = 1;
				LastSwiftUpdateCheck = 1500;
				LastUpgradeCheck = 1500;
				TargetAttributes = {
					044EAE092B3EF4220064F850 = {
						CreatedOnToolsVersion = 15.0.1;
					};
				};
			};
			buildConfigurationList = 044EAE052B3EF4220064F850 /* Build configuration list for PBXProject "TMS-IOS-LESSON-12-HW" */;
			compatibilityVersion = "Xcode 14.0";
			developmentRegion = en;
			hasScannedForEncodings = 0;
			knownRegions = (
				en,
				Base,
			);
			mainGroup = 044EAE012B3EF4220064F850;
			productRefGroup = 044EAE0B2B3EF4220064F850 /* Products */;
			projectDirPath = "";
			projectRoot = "";
			targets = (
				044EAE092B3EF4220064F850 /* TMS-IOS-LESSON-12-HW */,
			);
		};
/* End PBXProject section */

/* Begin PBXResourcesBuildPhase section */
		044EAE082B3EF4220064F850 /* Resources */ = {
			isa = PBXResourcesBuildPhase;
			buildActionMask = 2147483647;
			files = (
				044EAE1A2B3EF4240064F850 /* LaunchScreen.storyboard in Resources */,
				044EAE172B3EF4240064F850 /* Assets.xcassets in Resources */,
			);
			runOnlyForDeploymentPostprocessing = 0;
		};
/* End PBXResourcesBuildPhase section */

/* Begin PBXShellScriptBuildPhase section */
		528D9AC4828D656EE509B4F9 /* [CP] Embed Pods Frameworks */ = {
			isa = PBXShellScriptBuildPhase;
			buildActionMask = 2147483647;
			files = (
			);
			inputFileListPaths = (
				"${PODS_ROOT}/Target Support Files/Pods-TMS-IOS-LESSON-12-HW/Pods-TMS-IOS-LESSON-12-HW-frameworks-${CONFIGURATION}-input-files.xcfilelist",
			);
			name = "[CP] Embed Pods Frameworks";
			outputFileListPaths = (
				"${PODS_ROOT}/Target Support Files/Pods-TMS-IOS-LESSON-12-HW/Pods-TMS-IOS-LESSON-12-HW-frameworks-${CONFIGURATION}-output-files.xcfilelist",
			);
			runOnlyForDeploymentPostprocessing = 0;
			shellPath = /bin/sh;
			shellScript = "\"${PODS_ROOT}/Target Support Files/Pods-TMS-IOS-LESSON-12-HW/Pods-TMS-IOS-LESSON-12-HW-frameworks.sh\"\n";
			showEnvVarsInLog = 0;
		};
		95C9E73FD97D19E861692A82 /* [CP] Check Pods Manifest.lock */ = {
			isa = PBXShellScriptBuildPhase;
			buildActionMask = 2147483647;
			files = (
			);
			inputFileListPaths = (
			);
			inputPaths = (
				"${PODS_PODFILE_DIR_PATH}/Podfile.lock",
				"${PODS_ROOT}/Manifest.lock",
			);
			name = "[CP] Check Pods Manifest.lock";
			outputFileListPaths = (
			);
			outputPaths = (
				"$(DERIVED_FILE_DIR)/Pods-TMS-IOS-LESSON-12-HW-checkManifestLockResult.txt",
			);
			runOnlyForDeploymentPostprocessing = 0;
			shellPath = /bin/sh;
			shellScript = "diff \"${PODS_PODFILE_DIR_PATH}/Podfile.lock\" \"${PODS_ROOT}/Manifest.lock\" > /dev/null\nif [ $? != 0 ] ; then\n    # print error to STDERR\n    echo \"error: The sandbox is not in sync with the Podfile.lock. Run 'pod install' or update your CocoaPods installation.\" >&2\n    exit 1\nfi\n# This output is used by Xcode 'outputs' to avoid re-running this script phase.\necho \"SUCCESS\" > \"${SCRIPT_OUTPUT_FILE_0}\"\n";
			showEnvVarsInLog = 0;
		};
/* End PBXShellScriptBuildPhase section */

/* Begin PBXSourcesBuildPhase section */
		044EAE062B3EF4220064F850 /* Sources */ = {
			isa = PBXSourcesBuildPhase;
			buildActionMask = 2147483647;
			files = (
				044EAE122B3EF4220064F850 /* ViewController.swift in Sources */,
				044EAE0E2B3EF4220064F850 /* AppDelegate.swift in Sources */,
				044EAE232B3EF5DF0064F850 /* UIConstructor.swift in Sources */,
				044EAE282B3F060C0064F850 /* InputsDeligateProtocol.swift in Sources */,
				044EAE252B3EF8DD0064F850 /* SecondViewController.swift in Sources */,
				044EAE102B3EF4220064F850 /* SceneDelegate.swift in Sources */,
			);
			runOnlyForDeploymentPostprocessing = 0;
		};
/* End PBXSourcesBuildPhase section */

/* Begin PBXVariantGroup section */
		044EAE182B3EF4240064F850 /* LaunchScreen.storyboard */ = {
			isa = PBXVariantGroup;
			children = (
				044EAE192B3EF4240064F850 /* Base */,
			);
			name = LaunchScreen.storyboard;
			sourceTree = "<group>";
		};
/* End PBXVariantGroup section */

/* Begin XCBuildConfiguration section */
		044EAE1C2B3EF4240064F850 /* Debug */ = {
			isa = XCBuildConfiguration;
			buildSettings = {
				ALWAYS_SEARCH_USER_PATHS = NO;
				ASSETCATALOG_COMPILER_GENERATE_SWIFT_ASSET_SYMBOL_EXTENSIONS = YES;
				CLANG_ANALYZER_NONNULL = YES;
				CLANG_ANALYZER_NUMBER_OBJECT_CONVERSION = YES_AGGRESSIVE;
				CLANG_CXX_LANGUAGE_STANDARD = "gnu++20";
				CLANG_ENABLE_MODULES = YES;
				CLANG_ENABLE_OBJC_ARC = YES;
				CLANG_ENABLE_OBJC_WEAK = YES;
				CLANG_WARN_BLOCK_CAPTURE_AUTORELEASING = YES;
				CLANG_WARN_BOOL_CONVERSION = YES;
				CLANG_WARN_COMMA = YES;
				CLANG_WARN_CONSTANT_CONVERSION = YES;
				CLANG_WARN_DEPRECATED_OBJC_IMPLEMENTATIONS = YES;
				CLANG_WARN_DIRECT_OBJC_ISA_USAGE = YES_ERROR;
				CLANG_WARN_DOCUMENTATION_COMMENTS = YES;
				CLANG_WARN_EMPTY_BODY = YES;
				CLANG_WARN_ENUM_CONVERSION = YES;
				CLANG_WARN_INFINITE_RECURSION = YES;
				CLANG_WARN_INT_CONVERSION = YES;
				CLANG_WARN_NON_LITERAL_NULL_CONVERSION = YES;
				CLANG_WARN_OBJC_IMPLICIT_RETAIN_SELF = YES;
				CLANG_WARN_OBJC_LITERAL_CONVERSION = YES;
				CLANG_WARN_OBJC_ROOT_CLASS = YES_ERROR;
				CLANG_WARN_QUOTED_INCLUDE_IN_FRAMEWORK_HEADER = YES;
				CLANG_WARN_RANGE_LOOP_ANALYSIS = YES;
				CLANG_WARN_STRICT_PROTOTYPES = YES;
				CLANG_WARN_SUSPICIOUS_MOVE = YES;
				CLANG_WARN_UNGUARDED_AVAILABILITY = YES_AGGRESSIVE;
				CLANG_WARN_UNREACHABLE_CODE = YES;
				CLANG_WARN__DUPLICATE_METHOD_MATCH = YES;
				COPY_PHASE_STRIP = NO;
				DEBUG_INFORMATION_FORMAT = dwarf;
				ENABLE_STRICT_OBJC_MSGSEND = YES;
				ENABLE_TESTABILITY = YES;
				ENABLE_USER_SCRIPT_SANDBOXING = NO;
				GCC_C_LANGUAGE_STANDARD = gnu17;
				GCC_DYNAMIC_NO_PIC = NO;
				GCC_NO_COMMON_BLOCKS = YES;
				GCC_OPTIMIZATION_LEVEL = 0;
				GCC_PREPROCESSOR_DEFINITIONS = (
					"DEBUG=1",
					"$(inherited)",
				);
				GCC_WARN_64_TO_32_BIT_CONVERSION = YES;
				GCC_WARN_ABOUT_RETURN_TYPE = YES_ERROR;
				GCC_WARN_UNDECLARED_SELECTOR = YES;
				GCC_WARN_UNINITIALIZED_AUTOS = YES_AGGRESSIVE;
				GCC_WARN_UNUSED_FUNCTION = YES;
				GCC_WARN_UNUSED_VARIABLE = YES;
				IPHONEOS_DEPLOYMENT_TARGET = 17.0;
				LOCALIZATION_PREFERS_STRING_CATALOGS = YES;
				MTL_ENABLE_DEBUG_INFO = INCLUDE_SOURCE;
				MTL_FAST_MATH = YES;
				ONLY_ACTIVE_ARCH = YES;
				SDKROOT = iphoneos;
				SWIFT_ACTIVE_COMPILATION_CONDITIONS = "DEBUG $(inherited)";
				SWIFT_OPTIMIZATION_LEVEL = "-Onone";
			};
			name = Debug;
		};
		044EAE1D2B3EF4240064F850 /* Release */ = {
			isa = XCBuildConfiguration;
			buildSettings = {
				ALWAYS_SEARCH_USER_PATHS = NO;
				ASSETCATALOG_COMPILER_GENERATE_SWIFT_ASSET_SYMBOL_EXTENSIONS = YES;
				CLANG_ANALYZER_NONNULL = YES;
				CLANG_ANALYZER_NUMBER_OBJECT_CONVERSION = YES_AGGRESSIVE;
				CLANG_CXX_LANGUAGE_STANDARD = "gnu++20";
				CLANG_ENABLE_MODULES = YES;
				CLANG_ENABLE_OBJC_ARC = YES;
				CLANG_ENABLE_OBJC_WEAK = YES;
				CLANG_WARN_BLOCK_CAPTURE_AUTORELEASING = YES;
				CLANG_WARN_BOOL_CONVERSION = YES;
				CLANG_WARN_COMMA = YES;
				CLANG_WARN_CONSTANT_CONVERSION = YES;
				CLANG_WARN_DEPRECATED_OBJC_IMPLEMENTATIONS = YES;
				CLANG_WARN_DIRECT_OBJC_ISA_USAGE = YES_ERROR;
				CLANG_WARN_DOCUMENTATION_COMMENTS = YES;
				CLANG_WARN_EMPTY_BODY = YES;
				CLANG_WARN_ENUM_CONVERSION = YES;
				CLANG_WARN_INFINITE_RECURSION = YES;
				CLANG_WARN_INT_CONVERSION = YES;
				CLANG_WARN_NON_LITERAL_NULL_CONVERSION = YES;
				CLANG_WARN_OBJC_IMPLICIT_RETAIN_SELF = YES;
				CLANG_WARN_OBJC_LITERAL_CONVERSION = YES;
				CLANG_WARN_OBJC_ROOT_CLASS = YES_ERROR;
				CLANG_WARN_QUOTED_INCLUDE_IN_FRAMEWORK_HEADER = YES;
				CLANG_WARN_RANGE_LOOP_ANALYSIS = YES;
				CLANG_WARN_STRICT_PROTOTYPES = YES;
				CLANG_WARN_SUSPICIOUS_MOVE = YES;
				CLANG_WARN_UNGUARDED_AVAILABILITY = YES_AGGRESSIVE;
				CLANG_WARN_UNREACHABLE_CODE = YES;
				CLANG_WARN__DUPLICATE_METHOD_MATCH = YES;
				COPY_PHASE_STRIP = NO;
				DEBUG_INFORMATION_FORMAT = "dwarf-with-dsym";
				ENABLE_NS_ASSERTIONS = NO;
				ENABLE_STRICT_OBJC_MSGSEND = YES;
				ENABLE_USER_SCRIPT_SANDBOXING = NO;
				GCC_C_LANGUAGE_STANDARD = gnu17;
				GCC_NO_COMMON_BLOCKS = YES;
				GCC_WARN_64_TO_32_BIT_CONVERSION = YES;
				GCC_WARN_ABOUT_RETURN_TYPE = YES_ERROR;
				GCC_WARN_UNDECLARED_SELECTOR = YES;
				GCC_WARN_UNINITIALIZED_AUTOS = YES_AGGRESSIVE;
				GCC_WARN_UNUSED_FUNCTION = YES;
				GCC_WARN_UNUSED_VARIABLE = YES;
				IPHONEOS_DEPLOYMENT_TARGET = 17.0;
				LOCALIZATION_PREFERS_STRING_CATALOGS = YES;
				MTL_ENABLE_DEBUG_INFO = NO;
				MTL_FAST_MATH = YES;
				SDKROOT = iphoneos;
				SWIFT_COMPILATION_MODE = wholemodule;
				VALIDATE_PRODUCT = YES;
			};
			name = Release;
		};
		044EAE1F2B3EF4240064F850 /* Debug */ = {
			isa = XCBuildConfiguration;
			baseConfigurationReference = ACE5A39118DABEEB0173064E /* Pods-TMS-IOS-LESSON-12-HW.debug.xcconfig */;
			buildSettings = {
				ASSETCATALOG_COMPILER_APPICON_NAME = AppIcon;
				ASSETCATALOG_COMPILER_GLOBAL_ACCENT_COLOR_NAME = AccentColor;
				CODE_SIGN_STYLE = Automatic;
				CURRENT_PROJECT_VERSION = 1;
				DEVELOPMENT_TEAM = N3LRJV66ML;
				GENERATE_INFOPLIST_FILE = YES;
				INFOPLIST_FILE = "TMS-IOS-LESSON-12-HW/Info.plist";
				INFOPLIST_KEY_UIApplicationSupportsIndirectInputEvents = YES;
				INFOPLIST_KEY_UILaunchStoryboardName = LaunchScreen;
				INFOPLIST_KEY_UIStatusBarStyle = "";
				INFOPLIST_KEY_UISupportedInterfaceOrientations_iPad = "UIInterfaceOrientationPortrait UIInterfaceOrientationPortraitUpsideDown UIInterfaceOrientationLandscapeLeft UIInterfaceOrientationLandscapeRight";
				INFOPLIST_KEY_UISupportedInterfaceOrientations_iPhone = "UIInterfaceOrientationPortrait UIInterfaceOrientationLandscapeLeft UIInterfaceOrientationLandscapeRight";
				LD_RUNPATH_SEARCH_PATHS = (
					"$(inherited)",
					"@executable_path/Frameworks",
				);
				MARKETING_VERSION = 1.0;
				PRODUCT_BUNDLE_IDENTIFIER = "anton.kurdo.TMS-IOS-LESSON-12-HW";
				PRODUCT_NAME = "$(TARGET_NAME)";
				SWIFT_EMIT_LOC_STRINGS = YES;
				SWIFT_VERSION = 5.0;
				TARGETED_DEVICE_FAMILY = "1,2";
			};
			name = Debug;
		};
		044EAE202B3EF4240064F850 /* Release */ = {
			isa = XCBuildConfiguration;
			baseConfigurationReference = 684D4BC03E542F9E4439667A /* Pods-TMS-IOS-LESSON-12-HW.release.xcconfig */;
			buildSettings = {
				ASSETCATALOG_COMPILER_APPICON_NAME = AppIcon;
				ASSETCATALOG_COMPILER_GLOBAL_ACCENT_COLOR_NAME = AccentColor;
				CODE_SIGN_STYLE = Automatic;
				CURRENT_PROJECT_VERSION = 1;
				DEVELOPMENT_TEAM = N3LRJV66ML;
				GENERATE_INFOPLIST_FILE = YES;
				INFOPLIST_FILE = "TMS-IOS-LESSON-12-HW/Info.plist";
				INFOPLIST_KEY_UIApplicationSupportsIndirectInputEvents = YES;
				INFOPLIST_KEY_UILaunchStoryboardName = LaunchScreen;
				INFOPLIST_KEY_UIStatusBarStyle = "";
				INFOPLIST_KEY_UISupportedInterfaceOrientations_iPad = "UIInterfaceOrientationPortrait UIInterfaceOrientationPortraitUpsideDown UIInterfaceOrientationLandscapeLeft UIInterfaceOrientationLandscapeRight";
				INFOPLIST_KEY_UISupportedInterfaceOrientations_iPhone = "UIInterfaceOrientationPortrait UIInterfaceOrientationLandscapeLeft UIInterfaceOrientationLandscapeRight";
				LD_RUNPATH_SEARCH_PATHS = (
					"$(inherited)",
					"@executable_path/Frameworks",
				);
				MARKETING_VERSION = 1.0;
				PRODUCT_BUNDLE_IDENTIFIER = "anton.kurdo.TMS-IOS-LESSON-12-HW";
				PRODUCT_NAME = "$(TARGET_NAME)";
				SWIFT_EMIT_LOC_STRINGS = YES;
				SWIFT_VERSION = 5.0;
				TARGETED_DEVICE_FAMILY = "1,2";
			};
			name = Release;
		};
/* End XCBuildConfiguration section */

/* Begin XCConfigurationList section */
		044EAE052B3EF4220064F850 /* Build configuration list for PBXProject "TMS-IOS-LESSON-12-HW" */ = {
			isa = XCConfigurationList;
			buildConfigurations = (
				044EAE1C2B3EF4240064F850 /* Debug */,
				044EAE1D2B3EF4240064F850 /* Release */,
			);
			defaultConfigurationIsVisible = 0;
			defaultConfigurationName = Release;
		};
		044EAE1E2B3EF4240064F850 /* Build configuration list for PBXNativeTarget "TMS-IOS-LESSON-12-HW" */ = {
			isa = XCConfigurationList;
			buildConfigurations = (
				044EAE1F2B3EF4240064F850 /* Debug */,
				044EAE202B3EF4240064F850 /* Release */,
			);
			defaultConfigurationIsVisible = 0;
			defaultConfigurationName = Release;
		};
/* End XCConfigurationList section */
	};
	rootObject = 044EAE022B3EF4220064F850 /* Project object */;
}
